Microsoft Visual Studio Solution File, Format Version 12.00
# Visual Studio Version 17
VisualStudioVersion = 17.5.2.0
MinimumVisualStudioVersion = 10.0.40219.1
Project("{FAE04EC0-301F-11D3-BF4B-00C04F79EFBC}") = "requestobjectdemo", "requestobjectdemo.csproj", "{031868F5-4601-08D5-DCEB-2F7F9FB86EF7}"
EndProject
Global
	GlobalSection(SolutionConfigurationPlatforms) = preSolution
		Debug|Any CPU = Debug|Any CPU
		Release|Any CPU = Release|Any CPU
	EndGlobalSection
	GlobalSection(ProjectConfigurationPlatforms) = postSolution
		{031868F5-4601-08D5-DCEB-2F7F9FB86EF7}.Debug|Any CPU.ActiveCfg = Debug|Any CPU
		{031868F5-4601-08D5-DCEB-2F7F9FB86EF7}.Debug|Any CPU.Build.0 = Debug|Any CPU
		{031868F5-4601-08D5-DCEB-2F7F9FB86EF7}.Release|Any CPU.ActiveCfg = Release|Any CPU
		{031868F5-4601-08D5-DCEB-2F7F9FB86EF7}.Release|Any CPU.Build.0 = Release|Any CPU
	EndGlobalSection
	GlobalSection(SolutionProperties) = preSolution
		HideSolutionNode = FALSE
	EndGlobalSection
	GlobalSection(ExtensibilityGlobals) = postSolution
		SolutionGuid = {56382987-B2F5-406B-86CD-AD266F5FD846}
	EndGlobalSection
EndGlobal
